
Microsoft Visual Studio Solution File, Format Version 12.00
# Visual Studio Version 17
VisualStudioVersion = 17.7.34024.191
MinimumVisualStudioVersion = 10.0.40219.1
Project("{FAE04EC0-301F-11D3-BF4B-00C04F79EFBC}") = "PokeAPI", "PokeAPI\PokeAPI.csproj", "{18464ACF-9DF7-42F4-8977-331454F53975}"
EndProject
Global
	GlobalSection(SolutionConfigurationPlatforms) = preSolution
		Debug|Any CPU = Debug|Any CPU
		Release|Any CPU = Release|Any CPU
	EndGlobalSection
	GlobalSection(ProjectConfigurationPlatforms) = postSolution
		{18464ACF-9DF7-42F4-8977-331454F53975}.Debug|Any CPU.ActiveCfg = Debug|Any CPU
		{18464ACF-9DF7-42F4-8977-331454F53975}.Debug|Any CPU.Build.0 = Debug|Any CPU
		{18464ACF-9DF7-42F4-8977-331454F53975}.Release|Any CPU.ActiveCfg = Release|Any CPU
		{18464ACF-9DF7-42F4-8977-331454F53975}.Release|Any CPU.Build.0 = Release|Any CPU
	EndGlobalSection
	GlobalSection(SolutionProperties) = preSolution
		HideSolutionNode = FALSE
	EndGlobalSection
	GlobalSection(ExtensibilityGlobals) = postSolution
		SolutionGuid = {BE481699-9878-4F69-B655-6D7E8FA5691A}
	EndGlobalSection
EndGlobal
